
Microsoft Visual Studio Solution File, Format Version 12.00
# Visual Studio Version 16
VisualStudioVersion = 16.0.31702.278
MinimumVisualStudioVersion = 10.0.40219.1
Project("{FAE04EC0-301F-11D3-BF4B-00C04F79EFBC}") = "SchoolEntities", "SchoolEntities\SchoolEntities.csproj", "{7EA37BA2-1882-4872-AA7C-15F2AB8A2B6B}"
EndProject
Project("{FAE04EC0-301F-11D3-BF4B-00C04F79EFBC}") = "SchoolDAL", "SchoolDAL\SchoolDAL.csproj", "{79D752EA-53AA-4639-A7A7-B54CD2638867}"
EndProject
Project("{FAE04EC0-301F-11D3-BF4B-00C04F79EFBC}") = "SchoolBLL", "SchoolBLL\SchoolBLL.csproj", "{EF994FC0-F320-480F-9D76-8BA4EF638C87}"
EndProject
Project("{FAE04EC0-301F-11D3-BF4B-00C04F79EFBC}") = "SchoolWEB", "SchoolWEB\SchoolWEB.csproj", "{C013F15F-E933-47DB-BAF5-FD4D33C8156E}"
EndProject
Global
	GlobalSection(SolutionConfigurationPlatforms) = preSolution
		Debug|Any CPU = Debug|Any CPU
		Release|Any CPU = Release|Any CPU
	EndGlobalSection
	GlobalSection(ProjectConfigurationPlatforms) = postSolution
		{7EA37BA2-1882-4872-AA7C-15F2AB8A2B6B}.Debug|Any CPU.ActiveCfg = Debug|Any CPU
		{7EA37BA2-1882-4872-AA7C-15F2AB8A2B6B}.Debug|Any CPU.Build.0 = Debug|Any CPU
		{7EA37BA2-1882-4872-AA7C-15F2AB8A2B6B}.Release|Any CPU.ActiveCfg = Release|Any CPU
		{7EA37BA2-1882-4872-AA7C-15F2AB8A2B6B}.Release|Any CPU.Build.0 = Release|Any CPU
		{79D752EA-53AA-4639-A7A7-B54CD2638867}.Debug|Any CPU.ActiveCfg = Debug|Any CPU
		{79D752EA-53AA-4639-A7A7-B54CD2638867}.Debug|Any CPU.Build.0 = Debug|Any CPU
		{79D752EA-53AA-4639-A7A7-B54CD2638867}.Release|Any CPU.ActiveCfg = Release|Any CPU
		{79D752EA-53AA-4639-A7A7-B54CD2638867}.Release|Any CPU.Build.0 = Release|Any CPU
		{EF994FC0-F320-480F-9D76-8BA4EF638C87}.Debug|Any CPU.ActiveCfg = Debug|Any CPU
		{EF994FC0-F320-480F-9D76-8BA4EF638C87}.Debug|Any CPU.Build.0 = Debug|Any CPU
		{EF994FC0-F320-480F-9D76-8BA4EF638C87}.Release|Any CPU.ActiveCfg = Release|Any CPU
		{EF994FC0-F320-480F-9D76-8BA4EF638C87}.Release|Any CPU.Build.0 = Release|Any CPU
		{C013F15F-E933-47DB-BAF5-FD4D33C8156E}.Debug|Any CPU.ActiveCfg = Debug|Any CPU
		{C013F15F-E933-47DB-BAF5-FD4D33C8156E}.Debug|Any CPU.Build.0 = Debug|Any CPU
		{C013F15F-E933-47DB-BAF5-FD4D33C8156E}.Release|Any CPU.ActiveCfg = Release|Any CPU
		{C013F15F-E933-47DB-BAF5-FD4D33C8156E}.Release|Any CPU.Build.0 = Release|Any CPU
	EndGlobalSection
	GlobalSection(SolutionProperties) = preSolution
		HideSolutionNode = FALSE
	EndGlobalSection
	GlobalSection(ExtensibilityGlobals) = postSolution
		SolutionGuid = {49CCAA7D-F644-4525-B5AF-C71F01095DC6}
	EndGlobalSection
EndGlobal
