
Microsoft Visual Studio Solution File, Format Version 12.00
# Visual Studio Version 16
VisualStudioVersion = 16.0.31613.86
MinimumVisualStudioVersion = 10.0.40219.1
Project("{FAE04EC0-301F-11D3-BF4B-00C04F79EFBC}") = "Lab02-01", "Lab02-01.csproj", "{D2912883-5874-468C-9E96-208DF4103962}"
EndProject
Global
	GlobalSection(SolutionConfigurationPlatforms) = preSolution
		Debug|Any CPU = Debug|Any CPU
		Release|Any CPU = Release|Any CPU
	EndGlobalSection
	GlobalSection(ProjectConfigurationPlatforms) = postSolution
		{D2912883-5874-468C-9E96-208DF4103962}.Debug|Any CPU.ActiveCfg = Debug|Any CPU
		{D2912883-5874-468C-9E96-208DF4103962}.Debug|Any CPU.Build.0 = Debug|Any CPU
		{D2912883-5874-468C-9E96-208DF4103962}.Release|Any CPU.ActiveCfg = Release|Any CPU
		{D2912883-5874-468C-9E96-208DF4103962}.Release|Any CPU.Build.0 = Release|Any CPU
	EndGlobalSection
	GlobalSection(SolutionProperties) = preSolution
		HideSolutionNode = FALSE
	EndGlobalSection
	GlobalSection(ExtensibilityGlobals) = postSolution
		SolutionGuid = {85185EBB-6307-4BA3-9DCF-9073FCB3B11C}
	EndGlobalSection
EndGlobal
